
Microsoft Visual Studio Solution File, Format Version 12.00
# Visual Studio Version 17
VisualStudioVersion = 17.8.34408.163
MinimumVisualStudioVersion = 10.0.40219.1
Project("{9A19103F-16F7-4668-BE54-9A1E7A4F7556}") = "Paymaster.Payments", "Paymaster.Payments\Paymaster.Payments.csproj", "{2B569E8C-EA95-4399-A705-AFB70DC6D8F5}"
EndProject
Project("{9A19103F-16F7-4668-BE54-9A1E7A4F7556}") = "Paymaster.Payments.Helpers", "Paymaster.Payments.Helpers\Paymaster.Payments.Helpers.csproj", "{E36575D4-D524-4CA6-BDB4-FA758ECAED4B}"
EndProject
Project("{FAE04EC0-301F-11D3-BF4B-00C04F79EFBC}") = "Paymaster.Payments.FakePublisher", "Paymaster.Payments.FakePublisher\Paymaster.Payments.FakePublisher.csproj", "{B5D550F5-19BE-4B18-BC46-599891804554}"
EndProject
Project("{FAE04EC0-301F-11D3-BF4B-00C04F79EFBC}") = "Paymaster.Payments.Data", "Paymaster.Payments.Data\Paymaster.Payments.Data.csproj", "{731F5302-601A-4816-B0FA-89FE6E4CDECD}"
EndProject
Project("{FAE04EC0-301F-11D3-BF4B-00C04F79EFBC}") = "Paymaster.Payments.Logic", "Paymaster.Payments.Logic\Paymaster.Payments.Logic.csproj", "{4F5F9408-9ED6-4274-8A1F-8E29F75741C9}"
EndProject
Global
	GlobalSection(SolutionConfigurationPlatforms) = preSolution
		Debug|Any CPU = Debug|Any CPU
		Release|Any CPU = Release|Any CPU
	EndGlobalSection
	GlobalSection(ProjectConfigurationPlatforms) = postSolution
		{2B569E8C-EA95-4399-A705-AFB70DC6D8F5}.Debug|Any CPU.ActiveCfg = Debug|Any CPU
		{2B569E8C-EA95-4399-A705-AFB70DC6D8F5}.Debug|Any CPU.Build.0 = Debug|Any CPU
		{2B569E8C-EA95-4399-A705-AFB70DC6D8F5}.Release|Any CPU.ActiveCfg = Release|Any CPU
		{2B569E8C-EA95-4399-A705-AFB70DC6D8F5}.Release|Any CPU.Build.0 = Release|Any CPU
		{E36575D4-D524-4CA6-BDB4-FA758ECAED4B}.Debug|Any CPU.ActiveCfg = Debug|Any CPU
		{E36575D4-D524-4CA6-BDB4-FA758ECAED4B}.Debug|Any CPU.Build.0 = Debug|Any CPU
		{E36575D4-D524-4CA6-BDB4-FA758ECAED4B}.Release|Any CPU.ActiveCfg = Release|Any CPU
		{E36575D4-D524-4CA6-BDB4-FA758ECAED4B}.Release|Any CPU.Build.0 = Release|Any CPU
		{B5D550F5-19BE-4B18-BC46-599891804554}.Debug|Any CPU.ActiveCfg = Debug|Any CPU
		{B5D550F5-19BE-4B18-BC46-599891804554}.Debug|Any CPU.Build.0 = Debug|Any CPU
		{B5D550F5-19BE-4B18-BC46-599891804554}.Release|Any CPU.ActiveCfg = Release|Any CPU
		{B5D550F5-19BE-4B18-BC46-599891804554}.Release|Any CPU.Build.0 = Release|Any CPU
		{731F5302-601A-4816-B0FA-89FE6E4CDECD}.Debug|Any CPU.ActiveCfg = Debug|Any CPU
		{731F5302-601A-4816-B0FA-89FE6E4CDECD}.Debug|Any CPU.Build.0 = Debug|Any CPU
		{731F5302-601A-4816-B0FA-89FE6E4CDECD}.Release|Any CPU.ActiveCfg = Release|Any CPU
		{731F5302-601A-4816-B0FA-89FE6E4CDECD}.Release|Any CPU.Build.0 = Release|Any CPU
		{4F5F9408-9ED6-4274-8A1F-8E29F75741C9}.Debug|Any CPU.ActiveCfg = Debug|Any CPU
		{4F5F9408-9ED6-4274-8A1F-8E29F75741C9}.Debug|Any CPU.Build.0 = Debug|Any CPU
		{4F5F9408-9ED6-4274-8A1F-8E29F75741C9}.Release|Any CPU.ActiveCfg = Release|Any CPU
		{4F5F9408-9ED6-4274-8A1F-8E29F75741C9}.Release|Any CPU.Build.0 = Release|Any CPU
	EndGlobalSection
	GlobalSection(SolutionProperties) = preSolution
		HideSolutionNode = FALSE
	EndGlobalSection
	GlobalSection(ExtensibilityGlobals) = postSolution
		SolutionGuid = {AA9F2135-741E-434B-BD33-9715E6300DB6}
	EndGlobalSection
EndGlobal
